
Microsoft Visual Studio Solution File, Format Version 12.00
# Visual Studio 2012
Project("{8BC9CEB8-8B4A-11D0-8D11-00A0C91BC942}") = "SAT", "SAT\SAT.vcxproj", "{AB06617A-AC01-4D04-BF72-15D54B786748}"
EndProject
Project("{2150E333-8FDC-42A3-9474-1A3956D46DE8}") = "Solution Items", "Solution Items", "{18F80669-B8EB-4497-92EF-785F74B5237C}"
EndProject
Global
	GlobalSection(SolutionConfigurationPlatforms) = preSolution
		Debug|Win32 = Debug|Win32
		Release|Win32 = Release|Win32
	EndGlobalSection
	GlobalSection(ProjectConfigurationPlatforms) = postSolution
		{AB06617A-AC01-4D04-BF72-15D54B786748}.Debug|Win32.ActiveCfg = Debug|Win32
		{AB06617A-AC01-4D04-BF72-15D54B786748}.Debug|Win32.Build.0 = Debug|Win32
		{AB06617A-AC01-4D04-BF72-15D54B786748}.Release|Win32.ActiveCfg = Release|Win32
		{AB06617A-AC01-4D04-BF72-15D54B786748}.Release|Win32.Build.0 = Release|Win32
	EndGlobalSection
	GlobalSection(SolutionProperties) = preSolution
		HideSolutionNode = FALSE
	EndGlobalSection
EndGlobal
